
Microsoft Visual Studio Solution File, Format Version 12.00
# Visual Studio Version 17
VisualStudioVersion = 17.9.34622.214
MinimumVisualStudioVersion = 10.0.40219.1
Project("{FAE04EC0-301F-11D3-BF4B-00C04F79EFBC}") = "Assignment2.UWP", "Assignment2.UWP\Assignment2.UWP.csproj", "{406D6A30-882C-48F1-A25C-6EFF40CA0467}"
EndProject
Project("{FAE04EC0-301F-11D3-BF4B-00C04F79EFBC}") = "Assignment2.Android", "Assignment2.Android\Assignment2.Android.csproj", "{B2B9FA0B-CAF0-4C91-90D6-CBAEC394D037}"
EndProject
Project("{FAE04EC0-301F-11D3-BF4B-00C04F79EFBC}") = "Assignment2.iOS", "Assignment2.iOS\Assignment2.iOS.csproj", "{9E2F93DE-4CC6-4337-99AE-099BA4BD2BFE}"
EndProject
Project("{FAE04EC0-301F-11D3-BF4B-00C04F79EFBC}") = "Assignment2", "Assignment2\Assignment2.csproj", "{79C0C47D-1759-4F2C-870E-4273C9991FBC}"
EndProject
Global
	GlobalSection(SolutionConfigurationPlatforms) = preSolution
		Debug|Any CPU = Debug|Any CPU
		Debug|ARM = Debug|ARM
		Debug|iPhone = Debug|iPhone
		Debug|iPhoneSimulator = Debug|iPhoneSimulator
		Debug|x64 = Debug|x64
		Debug|x86 = Debug|x86
		Release|Any CPU = Release|Any CPU
		Release|ARM = Release|ARM
		Release|iPhone = Release|iPhone
		Release|iPhoneSimulator = Release|iPhoneSimulator
		Release|x64 = Release|x64
		Release|x86 = Release|x86
	EndGlobalSection
	GlobalSection(ProjectConfigurationPlatforms) = postSolution
		{406D6A30-882C-48F1-A25C-6EFF40CA0467}.Debug|Any CPU.ActiveCfg = Debug|x64
		{406D6A30-882C-48F1-A25C-6EFF40CA0467}.Debug|Any CPU.Build.0 = Debug|x64
		{406D6A30-882C-48F1-A25C-6EFF40CA0467}.Debug|Any CPU.Deploy.0 = Debug|x64
		{406D6A30-882C-48F1-A25C-6EFF40CA0467}.Debug|ARM.ActiveCfg = Debug|ARM
		{406D6A30-882C-48F1-A25C-6EFF40CA0467}.Debug|ARM.Build.0 = Debug|ARM
		{406D6A30-882C-48F1-A25C-6EFF40CA0467}.Debug|ARM.Deploy.0 = Debug|ARM
		{406D6A30-882C-48F1-A25C-6EFF40CA0467}.Debug|iPhone.ActiveCfg = Debug|x64
		{406D6A30-882C-48F1-A25C-6EFF40CA0467}.Debug|iPhone.Build.0 = Debug|x64
		{406D6A30-882C-48F1-A25C-6EFF40CA0467}.Debug|iPhone.Deploy.0 = Debug|x64
		{406D6A30-882C-48F1-A25C-6EFF40CA0467}.Debug|iPhoneSimulator.ActiveCfg = Debug|x64
		{406D6A30-882C-48F1-A25C-6EFF40CA0467}.Debug|iPhoneSimulator.Build.0 = Debug|x64
		{406D6A30-882C-48F1-A25C-6EFF40CA0467}.Debug|iPhoneSimulator.Deploy.0 = Debug|x64
		{406D6A30-882C-48F1-A25C-6EFF40CA0467}.Debug|x64.ActiveCfg = Debug|x64
		{406D6A30-882C-48F1-A25C-6EFF40CA0467}.Debug|x64.Build.0 = Debug|x64
		{406D6A30-882C-48F1-A25C-6EFF40CA0467}.Debug|x64.Deploy.0 = Debug|x64
		{406D6A30-882C-48F1-A25C-6EFF40CA0467}.Debug|x86.ActiveCfg = Debug|x86
		{406D6A30-882C-48F1-A25C-6EFF40CA0467}.Debug|x86.Build.0 = Debug|x86
		{406D6A30-882C-48F1-A25C-6EFF40CA0467}.Debug|x86.Deploy.0 = Debug|x86
		{406D6A30-882C-48F1-A25C-6EFF40CA0467}.Release|Any CPU.ActiveCfg = Release|x64
		{406D6A30-882C-48F1-A25C-6EFF40CA0467}.Release|Any CPU.Build.0 = Release|x64
		{406D6A30-882C-48F1-A25C-6EFF40CA0467}.Release|Any CPU.Deploy.0 = Release|x64
		{406D6A30-882C-48F1-A25C-6EFF40CA0467}.Release|ARM.ActiveCfg = Release|ARM
		{406D6A30-882C-48F1-A25C-6EFF40CA0467}.Release|ARM.Build.0 = Release|ARM
		{406D6A30-882C-48F1-A25C-6EFF40CA0467}.Release|ARM.Deploy.0 = Release|ARM
		{406D6A30-882C-48F1-A25C-6EFF40CA0467}.Release|iPhone.ActiveCfg = Release|x64
		{406D6A30-882C-48F1-A25C-6EFF40CA0467}.Release|iPhone.Build.0 = Release|x64
		{406D6A30-882C-48F1-A25C-6EFF40CA0467}.Release|iPhone.Deploy.0 = Release|x64
		{406D6A30-882C-48F1-A25C-6EFF40CA0467}.Release|iPhoneSimulator.ActiveCfg = Release|x64
		{406D6A30-882C-48F1-A25C-6EFF40CA0467}.Release|iPhoneSimulator.Build.0 = Release|x64
		{406D6A30-882C-48F1-A25C-6EFF40CA0467}.Release|iPhoneSimulator.Deploy.0 = Release|x64
		{406D6A30-882C-48F1-A25C-6EFF40CA0467}.Release|x64.ActiveCfg = Release|x64
		{406D6A30-882C-48F1-A25C-6EFF40CA0467}.Release|x64.Build.0 = Release|x64
		{406D6A30-882C-48F1-A25C-6EFF40CA0467}.Release|x64.Deploy.0 = Release|x64
		{406D6A30-882C-48F1-A25C-6EFF40CA0467}.Release|x86.ActiveCfg = Release|x86
		{406D6A30-882C-48F1-A25C-6EFF40CA0467}.Release|x86.Build.0 = Release|x86
		{406D6A30-882C-48F1-A25C-6EFF40CA0467}.Release|x86.Deploy.0 = Release|x86
		{B2B9FA0B-CAF0-4C91-90D6-CBAEC394D037}.Debug|Any CPU.ActiveCfg = Debug|Any CPU
		{B2B9FA0B-CAF0-4C91-90D6-CBAEC394D037}.Debug|Any CPU.Build.0 = Debug|Any CPU
		{B2B9FA0B-CAF0-4C91-90D6-CBAEC394D037}.Debug|Any CPU.Deploy.0 = Debug|Any CPU
		{B2B9FA0B-CAF0-4C91-90D6-CBAEC394D037}.Debug|ARM.ActiveCfg = Debug|Any CPU
		{B2B9FA0B-CAF0-4C91-90D6-CBAEC394D037}.Debug|ARM.Build.0 = Debug|Any CPU
		{B2B9FA0B-CAF0-4C91-90D6-CBAEC394D037}.Debug|ARM.Deploy.0 = Debug|Any CPU
		{B2B9FA0B-CAF0-4C91-90D6-CBAEC394D037}.Debug|iPhone.ActiveCfg = Debug|Any CPU
		{B2B9FA0B-CAF0-4C91-90D6-CBAEC394D037}.Debug|iPhone.Build.0 = Debug|Any CPU
		{B2B9FA0B-CAF0-4C91-90D6-CBAEC394D037}.Debug|iPhone.Deploy.0 = Debug|Any CPU
		{B2B9FA0B-CAF0-4C91-90D6-CBAEC394D037}.Debug|iPhoneSimulator.ActiveCfg = Debug|Any CPU
		{B2B9FA0B-CAF0-4C91-90D6-CBAEC394D037}.Debug|iPhoneSimulator.Build.0 = Debug|Any CPU
		{B2B9FA0B-CAF0-4C91-90D6-CBAEC394D037}.Debug|iPhoneSimulator.Deploy.0 = Debug|Any CPU
		{B2B9FA0B-CAF0-4C91-90D6-CBAEC394D037}.Debug|x64.ActiveCfg = Debug|Any CPU
		{B2B9FA0B-CAF0-4C91-90D6-CBAEC394D037}.Debug|x64.Build.0 = Debug|Any CPU
		{B2B9FA0B-CAF0-4C91-90D6-CBAEC394D037}.Debug|x64.Deploy.0 = Debug|Any CPU
		{B2B9FA0B-CAF0-4C91-90D6-CBAEC394D037}.Debug|x86.ActiveCfg = Debug|Any CPU
		{B2B9FA0B-CAF0-4C91-90D6-CBAEC394D037}.Debug|x86.Build.0 = Debug|Any CPU
		{B2B9FA0B-CAF0-4C91-90D6-CBAEC394D037}.Debug|x86.Deploy.0 = Debug|Any CPU
		{B2B9FA0B-CAF0-4C91-90D6-CBAEC394D037}.Release|Any CPU.ActiveCfg = Release|Any CPU
		{B2B9FA0B-CAF0-4C91-90D6-CBAEC394D037}.Release|Any CPU.Build.0 = Release|Any CPU
		{B2B9FA0B-CAF0-4C91-90D6-CBAEC394D037}.Release|Any CPU.Deploy.0 = Release|Any CPU
		{B2B9FA0B-CAF0-4C91-90D6-CBAEC394D037}.Release|ARM.ActiveCfg = Release|Any CPU
		{B2B9FA0B-CAF0-4C91-90D6-CBAEC394D037}.Release|ARM.Build.0 = Release|Any CPU
		{B2B9FA0B-CAF0-4C91-90D6-CBAEC394D037}.Release|ARM.Deploy.0 = Release|Any CPU
		{B2B9FA0B-CAF0-4C91-90D6-CBAEC394D037}.Release|iPhone.ActiveCfg = Release|Any CPU
		{B2B9FA0B-CAF0-4C91-90D6-CBAEC394D037}.Release|iPhone.Build.0 = Release|Any CPU
		{B2B9FA0B-CAF0-4C91-90D6-CBAEC394D037}.Release|iPhone.Deploy.0 = Release|Any CPU
		{B2B9FA0B-CAF0-4C91-90D6-CBAEC394D037}.Release|iPhoneSimulator.ActiveCfg = Release|Any CPU
		{B2B9FA0B-CAF0-4C91-90D6-CBAEC394D037}.Release|iPhoneSimulator.Build.0 = Release|Any CPU
		{B2B9FA0B-CAF0-4C91-90D6-CBAEC394D037}.Release|iPhoneSimulator.Deploy.0 = Release|Any CPU
		{B2B9FA0B-CAF0-4C91-90D6-CBAEC394D037}.Release|x64.ActiveCfg = Release|Any CPU
		{B2B9FA0B-CAF0-4C91-90D6-CBAEC394D037}.Release|x64.Build.0 = Release|Any CPU
		{B2B9FA0B-CAF0-4C91-90D6-CBAEC394D037}.Release|x64.Deploy.0 = Release|Any CPU
		{B2B9FA0B-CAF0-4C91-90D6-CBAEC394D037}.Release|x86.ActiveCfg = Release|Any CPU
		{B2B9FA0B-CAF0-4C91-90D6-CBAEC394D037}.Release|x86.Build.0 = Release|Any CPU
		{B2B9FA0B-CAF0-4C91-90D6-CBAEC394D037}.Release|x86.Deploy.0 = Release|Any CPU
		{9E2F93DE-4CC6-4337-99AE-099BA4BD2BFE}.Debug|Any CPU.ActiveCfg = Debug|iPhoneSimulator
		{9E2F93DE-4CC6-4337-99AE-099BA4BD2BFE}.Debug|Any CPU.Build.0 = Debug|iPhoneSimulator
		{9E2F93DE-4CC6-4337-99AE-099BA4BD2BFE}.Debug|Any CPU.Deploy.0 = Debug|iPhoneSimulator
		{9E2F93DE-4CC6-4337-99AE-099BA4BD2BFE}.Debug|ARM.ActiveCfg = Debug|iPhoneSimulator
		{9E2F93DE-4CC6-4337-99AE-099BA4BD2BFE}.Debug|ARM.Build.0 = Debug|iPhoneSimulator
		{9E2F93DE-4CC6-4337-99AE-099BA4BD2BFE}.Debug|ARM.Deploy.0 = Debug|iPhoneSimulator
		{9E2F93DE-4CC6-4337-99AE-099BA4BD2BFE}.Debug|iPhone.ActiveCfg = Debug|iPhone
		{9E2F93DE-4CC6-4337-99AE-099BA4BD2BFE}.Debug|iPhone.Build.0 = Debug|iPhone
		{9E2F93DE-4CC6-4337-99AE-099BA4BD2BFE}.Debug|iPhone.Deploy.0 = Debug|iPhone
		{9E2F93DE-4CC6-4337-99AE-099BA4BD2BFE}.Debug|iPhoneSimulator.ActiveCfg = Debug|iPhoneSimulator
		{9E2F93DE-4CC6-4337-99AE-099BA4BD2BFE}.Debug|iPhoneSimulator.Build.0 = Debug|iPhoneSimulator
		{9E2F93DE-4CC6-4337-99AE-099BA4BD2BFE}.Debug|iPhoneSimulator.Deploy.0 = Debug|iPhoneSimulator
		{9E2F93DE-4CC6-4337-99AE-099BA4BD2BFE}.Debug|x64.ActiveCfg = Debug|iPhone
		{9E2F93DE-4CC6-4337-99AE-099BA4BD2BFE}.Debug|x64.Build.0 = Debug|iPhone
		{9E2F93DE-4CC6-4337-99AE-099BA4BD2BFE}.Debug|x64.Deploy.0 = Debug|iPhone
		{9E2F93DE-4CC6-4337-99AE-099BA4BD2BFE}.Debug|x86.ActiveCfg = Debug|iPhoneSimulator
		{9E2F93DE-4CC6-4337-99AE-099BA4BD2BFE}.Debug|x86.Build.0 = Debug|iPhoneSimulator
		{9E2F93DE-4CC6-4337-99AE-099BA4BD2BFE}.Debug|x86.Deploy.0 = Debug|iPhoneSimulator
		{9E2F93DE-4CC6-4337-99AE-099BA4BD2BFE}.Release|Any CPU.ActiveCfg = Release|iPhoneSimulator
		{9E2F93DE-4CC6-4337-99AE-099BA4BD2BFE}.Release|Any CPU.Build.0 = Release|iPhoneSimulator
		{9E2F93DE-4CC6-4337-99AE-099BA4BD2BFE}.Release|Any CPU.Deploy.0 = Release|iPhoneSimulator
		{9E2F93DE-4CC6-4337-99AE-099BA4BD2BFE}.Release|ARM.ActiveCfg = Release|iPhoneSimulator
		{9E2F93DE-4CC6-4337-99AE-099BA4BD2BFE}.Release|ARM.Build.0 = Release|iPhoneSimulator
		{9E2F93DE-4CC6-4337-99AE-099BA4BD2BFE}.Release|ARM.Deploy.0 = Release|iPhoneSimulator
		{9E2F93DE-4CC6-4337-99AE-099BA4BD2BFE}.Release|iPhone.ActiveCfg = Release|iPhone
		{9E2F93DE-4CC6-4337-99AE-099BA4BD2BFE}.Release|iPhone.Build.0 = Release|iPhone
		{9E2F93DE-4CC6-4337-99AE-099BA4BD2BFE}.Release|iPhone.Deploy.0 = Release|iPhone
		{9E2F93DE-4CC6-4337-99AE-099BA4BD2BFE}.Release|iPhoneSimulator.ActiveCfg = Release|iPhoneSimulator
		{9E2F93DE-4CC6-4337-99AE-099BA4BD2BFE}.Release|iPhoneSimulator.Build.0 = Release|iPhoneSimulator
		{9E2F93DE-4CC6-4337-99AE-099BA4BD2BFE}.Release|iPhoneSimulator.Deploy.0 = Release|iPhoneSimulator
		{9E2F93DE-4CC6-4337-99AE-099BA4BD2BFE}.Release|x64.ActiveCfg = Release|iPhoneSimulator
		{9E2F93DE-4CC6-4337-99AE-099BA4BD2BFE}.Release|x64.Build.0 = Release|iPhoneSimulator
		{9E2F93DE-4CC6-4337-99AE-099BA4BD2BFE}.Release|x64.Deploy.0 = Release|iPhoneSimulator
		{9E2F93DE-4CC6-4337-99AE-099BA4BD2BFE}.Release|x86.ActiveCfg = Release|iPhoneSimulator
		{9E2F93DE-4CC6-4337-99AE-099BA4BD2BFE}.Release|x86.Build.0 = Release|iPhoneSimulator
		{9E2F93DE-4CC6-4337-99AE-099BA4BD2BFE}.Release|x86.Deploy.0 = Release|iPhoneSimulator
		{79C0C47D-1759-4F2C-870E-4273C9991FBC}.Debug|Any CPU.ActiveCfg = Debug|Any CPU
		{79C0C47D-1759-4F2C-870E-4273C9991FBC}.Debug|Any CPU.Build.0 = Debug|Any CPU
		{79C0C47D-1759-4F2C-870E-4273C9991FBC}.Debug|Any CPU.Deploy.0 = Debug|Any CPU
		{79C0C47D-1759-4F2C-870E-4273C9991FBC}.Debug|ARM.ActiveCfg = Debug|Any CPU
		{79C0C47D-1759-4F2C-870E-4273C9991FBC}.Debug|ARM.Build.0 = Debug|Any CPU
		{79C0C47D-1759-4F2C-870E-4273C9991FBC}.Debug|ARM.Deploy.0 = Debug|Any CPU
		{79C0C47D-1759-4F2C-870E-4273C9991FBC}.Debug|iPhone.ActiveCfg = Debug|Any CPU
		{79C0C47D-1759-4F2C-870E-4273C9991FBC}.Debug|iPhone.Build.0 = Debug|Any CPU
		{79C0C47D-1759-4F2C-870E-4273C9991FBC}.Debug|iPhone.Deploy.0 = Debug|Any CPU
		{79C0C47D-1759-4F2C-870E-4273C9991FBC}.Debug|iPhoneSimulator.ActiveCfg = Debug|Any CPU
		{79C0C47D-1759-4F2C-870E-4273C9991FBC}.Debug|iPhoneSimulator.Build.0 = Debug|Any CPU
		{79C0C47D-1759-4F2C-870E-4273C9991FBC}.Debug|iPhoneSimulator.Deploy.0 = Debug|Any CPU
		{79C0C47D-1759-4F2C-870E-4273C9991FBC}.Debug|x64.ActiveCfg = Debug|Any CPU
		{79C0C47D-1759-4F2C-870E-4273C9991FBC}.Debug|x64.Build.0 = Debug|Any CPU
		{79C0C47D-1759-4F2C-870E-4273C9991FBC}.Debug|x64.Deploy.0 = Debug|Any CPU
		{79C0C47D-1759-4F2C-870E-4273C9991FBC}.Debug|x86.ActiveCfg = Debug|Any CPU
		{79C0C47D-1759-4F2C-870E-4273C9991FBC}.Debug|x86.Build.0 = Debug|Any CPU
		{79C0C47D-1759-4F2C-870E-4273C9991FBC}.Debug|x86.Deploy.0 = Debug|Any CPU
		{79C0C47D-1759-4F2C-870E-4273C9991FBC}.Release|Any CPU.ActiveCfg = Release|Any CPU
		{79C0C47D-1759-4F2C-870E-4273C9991FBC}.Release|Any CPU.Build.0 = Release|Any CPU
		{79C0C47D-1759-4F2C-870E-4273C9991FBC}.Release|Any CPU.Deploy.0 = Release|Any CPU
		{79C0C47D-1759-4F2C-870E-4273C9991FBC}.Release|ARM.ActiveCfg = Release|Any CPU
		{79C0C47D-1759-4F2C-870E-4273C9991FBC}.Release|ARM.Build.0 = Release|Any CPU
		{79C0C47D-1759-4F2C-870E-4273C9991FBC}.Release|ARM.Deploy.0 = Release|Any CPU
		{79C0C47D-1759-4F2C-870E-4273C9991FBC}.Release|iPhone.ActiveCfg = Release|Any CPU
		{79C0C47D-1759-4F2C-870E-4273C9991FBC}.Release|iPhone.Build.0 = Release|Any CPU
		{79C0C47D-1759-4F2C-870E-4273C9991FBC}.Release|iPhone.Deploy.0 = Release|Any CPU
		{79C0C47D-1759-4F2C-870E-4273C9991FBC}.Release|iPhoneSimulator.ActiveCfg = Release|Any CPU
		{79C0C47D-1759-4F2C-870E-4273C9991FBC}.Release|iPhoneSimulator.Build.0 = Release|Any CPU
		{79C0C47D-1759-4F2C-870E-4273C9991FBC}.Release|iPhoneSimulator.Deploy.0 = Release|Any CPU
		{79C0C47D-1759-4F2C-870E-4273C9991FBC}.Release|x64.ActiveCfg = Release|Any CPU
		{79C0C47D-1759-4F2C-870E-4273C9991FBC}.Release|x64.Build.0 = Release|Any CPU
		{79C0C47D-1759-4F2C-870E-4273C9991FBC}.Release|x64.Deploy.0 = Release|Any CPU
		{79C0C47D-1759-4F2C-870E-4273C9991FBC}.Release|x86.ActiveCfg = Release|Any CPU
		{79C0C47D-1759-4F2C-870E-4273C9991FBC}.Release|x86.Build.0 = Release|Any CPU
		{79C0C47D-1759-4F2C-870E-4273C9991FBC}.Release|x86.Deploy.0 = Release|Any CPU
	EndGlobalSection
	GlobalSection(SolutionProperties) = preSolution
		HideSolutionNode = FALSE
	EndGlobalSection
	GlobalSection(ExtensibilityGlobals) = postSolution
		SolutionGuid = {666C753E-FA2A-404D-A9C8-50A7FAED7BCD}
	EndGlobalSection
EndGlobal
