
Microsoft Visual Studio Solution File, Format Version 12.00
# Visual Studio Version 17
VisualStudioVersion = 17.9.34622.214
MinimumVisualStudioVersion = 10.0.40219.1
Project("{FAE04EC0-301F-11D3-BF4B-00C04F79EFBC}") = "Assignment1.UWP", "Assignment1.UWP\Assignment1.UWP.csproj", "{A9511F7E-1545-4B3B-A097-1AF0AC78B498}"
EndProject
Project("{FAE04EC0-301F-11D3-BF4B-00C04F79EFBC}") = "Assignment1.Android", "Assignment1.Android\Assignment1.Android.csproj", "{FE3D28F9-5465-4537-B53B-45C724EC59B2}"
EndProject
Project("{FAE04EC0-301F-11D3-BF4B-00C04F79EFBC}") = "Assignment1.iOS", "Assignment1.iOS\Assignment1.iOS.csproj", "{072D9CCA-23E4-4EC4-AB12-F44C9006FAA5}"
EndProject
Project("{FAE04EC0-301F-11D3-BF4B-00C04F79EFBC}") = "Assignment1", "Assignment1\Assignment1.csproj", "{396C9160-CD81-420D-8FA9-B6AD7B1DD4DE}"
EndProject
Global
	GlobalSection(SolutionConfigurationPlatforms) = preSolution
		Debug|Any CPU = Debug|Any CPU
		Debug|ARM = Debug|ARM
		Debug|iPhone = Debug|iPhone
		Debug|iPhoneSimulator = Debug|iPhoneSimulator
		Debug|x64 = Debug|x64
		Debug|x86 = Debug|x86
		Release|Any CPU = Release|Any CPU
		Release|ARM = Release|ARM
		Release|iPhone = Release|iPhone
		Release|iPhoneSimulator = Release|iPhoneSimulator
		Release|x64 = Release|x64
		Release|x86 = Release|x86
	EndGlobalSection
	GlobalSection(ProjectConfigurationPlatforms) = postSolution
		{A9511F7E-1545-4B3B-A097-1AF0AC78B498}.Debug|Any CPU.ActiveCfg = Debug|x64
		{A9511F7E-1545-4B3B-A097-1AF0AC78B498}.Debug|Any CPU.Build.0 = Debug|x64
		{A9511F7E-1545-4B3B-A097-1AF0AC78B498}.Debug|Any CPU.Deploy.0 = Debug|x64
		{A9511F7E-1545-4B3B-A097-1AF0AC78B498}.Debug|ARM.ActiveCfg = Debug|ARM
		{A9511F7E-1545-4B3B-A097-1AF0AC78B498}.Debug|ARM.Build.0 = Debug|ARM
		{A9511F7E-1545-4B3B-A097-1AF0AC78B498}.Debug|ARM.Deploy.0 = Debug|ARM
		{A9511F7E-1545-4B3B-A097-1AF0AC78B498}.Debug|iPhone.ActiveCfg = Debug|x64
		{A9511F7E-1545-4B3B-A097-1AF0AC78B498}.Debug|iPhone.Build.0 = Debug|x64
		{A9511F7E-1545-4B3B-A097-1AF0AC78B498}.Debug|iPhone.Deploy.0 = Debug|x64
		{A9511F7E-1545-4B3B-A097-1AF0AC78B498}.Debug|iPhoneSimulator.ActiveCfg = Debug|x64
		{A9511F7E-1545-4B3B-A097-1AF0AC78B498}.Debug|iPhoneSimulator.Build.0 = Debug|x64
		{A9511F7E-1545-4B3B-A097-1AF0AC78B498}.Debug|iPhoneSimulator.Deploy.0 = Debug|x64
		{A9511F7E-1545-4B3B-A097-1AF0AC78B498}.Debug|x64.ActiveCfg = Debug|x64
		{A9511F7E-1545-4B3B-A097-1AF0AC78B498}.Debug|x64.Build.0 = Debug|x64
		{A9511F7E-1545-4B3B-A097-1AF0AC78B498}.Debug|x64.Deploy.0 = Debug|x64
		{A9511F7E-1545-4B3B-A097-1AF0AC78B498}.Debug|x86.ActiveCfg = Debug|x86
		{A9511F7E-1545-4B3B-A097-1AF0AC78B498}.Debug|x86.Build.0 = Debug|x86
		{A9511F7E-1545-4B3B-A097-1AF0AC78B498}.Debug|x86.Deploy.0 = Debug|x86
		{A9511F7E-1545-4B3B-A097-1AF0AC78B498}.Release|Any CPU.ActiveCfg = Release|x64
		{A9511F7E-1545-4B3B-A097-1AF0AC78B498}.Release|Any CPU.Build.0 = Release|x64
		{A9511F7E-1545-4B3B-A097-1AF0AC78B498}.Release|Any CPU.Deploy.0 = Release|x64
		{A9511F7E-1545-4B3B-A097-1AF0AC78B498}.Release|ARM.ActiveCfg = Release|ARM
		{A9511F7E-1545-4B3B-A097-1AF0AC78B498}.Release|ARM.Build.0 = Release|ARM
		{A9511F7E-1545-4B3B-A097-1AF0AC78B498}.Release|ARM.Deploy.0 = Release|ARM
		{A9511F7E-1545-4B3B-A097-1AF0AC78B498}.Release|iPhone.ActiveCfg = Release|x64
		{A9511F7E-1545-4B3B-A097-1AF0AC78B498}.Release|iPhone.Build.0 = Release|x64
		{A9511F7E-1545-4B3B-A097-1AF0AC78B498}.Release|iPhone.Deploy.0 = Release|x64
		{A9511F7E-1545-4B3B-A097-1AF0AC78B498}.Release|iPhoneSimulator.ActiveCfg = Release|x64
		{A9511F7E-1545-4B3B-A097-1AF0AC78B498}.Release|iPhoneSimulator.Build.0 = Release|x64
		{A9511F7E-1545-4B3B-A097-1AF0AC78B498}.Release|iPhoneSimulator.Deploy.0 = Release|x64
		{A9511F7E-1545-4B3B-A097-1AF0AC78B498}.Release|x64.ActiveCfg = Release|x64
		{A9511F7E-1545-4B3B-A097-1AF0AC78B498}.Release|x64.Build.0 = Release|x64
		{A9511F7E-1545-4B3B-A097-1AF0AC78B498}.Release|x64.Deploy.0 = Release|x64
		{A9511F7E-1545-4B3B-A097-1AF0AC78B498}.Release|x86.ActiveCfg = Release|x86
		{A9511F7E-1545-4B3B-A097-1AF0AC78B498}.Release|x86.Build.0 = Release|x86
		{A9511F7E-1545-4B3B-A097-1AF0AC78B498}.Release|x86.Deploy.0 = Release|x86
		{FE3D28F9-5465-4537-B53B-45C724EC59B2}.Debug|Any CPU.ActiveCfg = Debug|Any CPU
		{FE3D28F9-5465-4537-B53B-45C724EC59B2}.Debug|Any CPU.Build.0 = Debug|Any CPU
		{FE3D28F9-5465-4537-B53B-45C724EC59B2}.Debug|Any CPU.Deploy.0 = Debug|Any CPU
		{FE3D28F9-5465-4537-B53B-45C724EC59B2}.Debug|ARM.ActiveCfg = Debug|Any CPU
		{FE3D28F9-5465-4537-B53B-45C724EC59B2}.Debug|ARM.Build.0 = Debug|Any CPU
		{FE3D28F9-5465-4537-B53B-45C724EC59B2}.Debug|ARM.Deploy.0 = Debug|Any CPU
		{FE3D28F9-5465-4537-B53B-45C724EC59B2}.Debug|iPhone.ActiveCfg = Debug|Any CPU
		{FE3D28F9-5465-4537-B53B-45C724EC59B2}.Debug|iPhone.Build.0 = Debug|Any CPU
		{FE3D28F9-5465-4537-B53B-45C724EC59B2}.Debug|iPhone.Deploy.0 = Debug|Any CPU
		{FE3D28F9-5465-4537-B53B-45C724EC59B2}.Debug|iPhoneSimulator.ActiveCfg = Debug|Any CPU
		{FE3D28F9-5465-4537-B53B-45C724EC59B2}.Debug|iPhoneSimulator.Build.0 = Debug|Any CPU
		{FE3D28F9-5465-4537-B53B-45C724EC59B2}.Debug|iPhoneSimulator.Deploy.0 = Debug|Any CPU
		{FE3D28F9-5465-4537-B53B-45C724EC59B2}.Debug|x64.ActiveCfg = Debug|Any CPU
		{FE3D28F9-5465-4537-B53B-45C724EC59B2}.Debug|x64.Build.0 = Debug|Any CPU
		{FE3D28F9-5465-4537-B53B-45C724EC59B2}.Debug|x64.Deploy.0 = Debug|Any CPU
		{FE3D28F9-5465-4537-B53B-45C724EC59B2}.Debug|x86.ActiveCfg = Debug|Any CPU
		{FE3D28F9-5465-4537-B53B-45C724EC59B2}.Debug|x86.Build.0 = Debug|Any CPU
		{FE3D28F9-5465-4537-B53B-45C724EC59B2}.Debug|x86.Deploy.0 = Debug|Any CPU
		{FE3D28F9-5465-4537-B53B-45C724EC59B2}.Release|Any CPU.ActiveCfg = Release|Any CPU
		{FE3D28F9-5465-4537-B53B-45C724EC59B2}.Release|Any CPU.Build.0 = Release|Any CPU
		{FE3D28F9-5465-4537-B53B-45C724EC59B2}.Release|Any CPU.Deploy.0 = Release|Any CPU
		{FE3D28F9-5465-4537-B53B-45C724EC59B2}.Release|ARM.ActiveCfg = Release|Any CPU
		{FE3D28F9-5465-4537-B53B-45C724EC59B2}.Release|ARM.Build.0 = Release|Any CPU
		{FE3D28F9-5465-4537-B53B-45C724EC59B2}.Release|ARM.Deploy.0 = Release|Any CPU
		{FE3D28F9-5465-4537-B53B-45C724EC59B2}.Release|iPhone.ActiveCfg = Release|Any CPU
		{FE3D28F9-5465-4537-B53B-45C724EC59B2}.Release|iPhone.Build.0 = Release|Any CPU
		{FE3D28F9-5465-4537-B53B-45C724EC59B2}.Release|iPhone.Deploy.0 = Release|Any CPU
		{FE3D28F9-5465-4537-B53B-45C724EC59B2}.Release|iPhoneSimulator.ActiveCfg = Release|Any CPU
		{FE3D28F9-5465-4537-B53B-45C724EC59B2}.Release|iPhoneSimulator.Build.0 = Release|Any CPU
		{FE3D28F9-5465-4537-B53B-45C724EC59B2}.Release|iPhoneSimulator.Deploy.0 = Release|Any CPU
		{FE3D28F9-5465-4537-B53B-45C724EC59B2}.Release|x64.ActiveCfg = Release|Any CPU
		{FE3D28F9-5465-4537-B53B-45C724EC59B2}.Release|x64.Build.0 = Release|Any CPU
		{FE3D28F9-5465-4537-B53B-45C724EC59B2}.Release|x64.Deploy.0 = Release|Any CPU
		{FE3D28F9-5465-4537-B53B-45C724EC59B2}.Release|x86.ActiveCfg = Release|Any CPU
		{FE3D28F9-5465-4537-B53B-45C724EC59B2}.Release|x86.Build.0 = Release|Any CPU
		{FE3D28F9-5465-4537-B53B-45C724EC59B2}.Release|x86.Deploy.0 = Release|Any CPU
		{072D9CCA-23E4-4EC4-AB12-F44C9006FAA5}.Debug|Any CPU.ActiveCfg = Debug|iPhoneSimulator
		{072D9CCA-23E4-4EC4-AB12-F44C9006FAA5}.Debug|Any CPU.Build.0 = Debug|iPhoneSimulator
		{072D9CCA-23E4-4EC4-AB12-F44C9006FAA5}.Debug|Any CPU.Deploy.0 = Debug|iPhoneSimulator
		{072D9CCA-23E4-4EC4-AB12-F44C9006FAA5}.Debug|ARM.ActiveCfg = Debug|iPhoneSimulator
		{072D9CCA-23E4-4EC4-AB12-F44C9006FAA5}.Debug|ARM.Build.0 = Debug|iPhoneSimulator
		{072D9CCA-23E4-4EC4-AB12-F44C9006FAA5}.Debug|ARM.Deploy.0 = Debug|iPhoneSimulator
		{072D9CCA-23E4-4EC4-AB12-F44C9006FAA5}.Debug|iPhone.ActiveCfg = Debug|iPhone
		{072D9CCA-23E4-4EC4-AB12-F44C9006FAA5}.Debug|iPhone.Build.0 = Debug|iPhone
		{072D9CCA-23E4-4EC4-AB12-F44C9006FAA5}.Debug|iPhone.Deploy.0 = Debug|iPhone
		{072D9CCA-23E4-4EC4-AB12-F44C9006FAA5}.Debug|iPhoneSimulator.ActiveCfg = Debug|iPhoneSimulator
		{072D9CCA-23E4-4EC4-AB12-F44C9006FAA5}.Debug|iPhoneSimulator.Build.0 = Debug|iPhoneSimulator
		{072D9CCA-23E4-4EC4-AB12-F44C9006FAA5}.Debug|iPhoneSimulator.Deploy.0 = Debug|iPhoneSimulator
		{072D9CCA-23E4-4EC4-AB12-F44C9006FAA5}.Debug|x64.ActiveCfg = Debug|iPhone
		{072D9CCA-23E4-4EC4-AB12-F44C9006FAA5}.Debug|x64.Build.0 = Debug|iPhone
		{072D9CCA-23E4-4EC4-AB12-F44C9006FAA5}.Debug|x64.Deploy.0 = Debug|iPhone
		{072D9CCA-23E4-4EC4-AB12-F44C9006FAA5}.Debug|x86.ActiveCfg = Debug|iPhoneSimulator
		{072D9CCA-23E4-4EC4-AB12-F44C9006FAA5}.Debug|x86.Build.0 = Debug|iPhoneSimulator
		{072D9CCA-23E4-4EC4-AB12-F44C9006FAA5}.Debug|x86.Deploy.0 = Debug|iPhoneSimulator
		{072D9CCA-23E4-4EC4-AB12-F44C9006FAA5}.Release|Any CPU.ActiveCfg = Release|iPhoneSimulator
		{072D9CCA-23E4-4EC4-AB12-F44C9006FAA5}.Release|Any CPU.Build.0 = Release|iPhoneSimulator
		{072D9CCA-23E4-4EC4-AB12-F44C9006FAA5}.Release|Any CPU.Deploy.0 = Release|iPhoneSimulator
		{072D9CCA-23E4-4EC4-AB12-F44C9006FAA5}.Release|ARM.ActiveCfg = Release|iPhoneSimulator
		{072D9CCA-23E4-4EC4-AB12-F44C9006FAA5}.Release|ARM.Build.0 = Release|iPhoneSimulator
		{072D9CCA-23E4-4EC4-AB12-F44C9006FAA5}.Release|ARM.Deploy.0 = Release|iPhoneSimulator
		{072D9CCA-23E4-4EC4-AB12-F44C9006FAA5}.Release|iPhone.ActiveCfg = Release|iPhone
		{072D9CCA-23E4-4EC4-AB12-F44C9006FAA5}.Release|iPhone.Build.0 = Release|iPhone
		{072D9CCA-23E4-4EC4-AB12-F44C9006FAA5}.Release|iPhone.Deploy.0 = Release|iPhone
		{072D9CCA-23E4-4EC4-AB12-F44C9006FAA5}.Release|iPhoneSimulator.ActiveCfg = Release|iPhoneSimulator
		{072D9CCA-23E4-4EC4-AB12-F44C9006FAA5}.Release|iPhoneSimulator.Build.0 = Release|iPhoneSimulator
		{072D9CCA-23E4-4EC4-AB12-F44C9006FAA5}.Release|iPhoneSimulator.Deploy.0 = Release|iPhoneSimulator
		{072D9CCA-23E4-4EC4-AB12-F44C9006FAA5}.Release|x64.ActiveCfg = Release|iPhoneSimulator
		{072D9CCA-23E4-4EC4-AB12-F44C9006FAA5}.Release|x64.Build.0 = Release|iPhoneSimulator
		{072D9CCA-23E4-4EC4-AB12-F44C9006FAA5}.Release|x64.Deploy.0 = Release|iPhoneSimulator
		{072D9CCA-23E4-4EC4-AB12-F44C9006FAA5}.Release|x86.ActiveCfg = Release|iPhoneSimulator
		{072D9CCA-23E4-4EC4-AB12-F44C9006FAA5}.Release|x86.Build.0 = Release|iPhoneSimulator
		{072D9CCA-23E4-4EC4-AB12-F44C9006FAA5}.Release|x86.Deploy.0 = Release|iPhoneSimulator
		{396C9160-CD81-420D-8FA9-B6AD7B1DD4DE}.Debug|Any CPU.ActiveCfg = Debug|Any CPU
		{396C9160-CD81-420D-8FA9-B6AD7B1DD4DE}.Debug|Any CPU.Build.0 = Debug|Any CPU
		{396C9160-CD81-420D-8FA9-B6AD7B1DD4DE}.Debug|Any CPU.Deploy.0 = Debug|Any CPU
		{396C9160-CD81-420D-8FA9-B6AD7B1DD4DE}.Debug|ARM.ActiveCfg = Debug|Any CPU
		{396C9160-CD81-420D-8FA9-B6AD7B1DD4DE}.Debug|ARM.Build.0 = Debug|Any CPU
		{396C9160-CD81-420D-8FA9-B6AD7B1DD4DE}.Debug|ARM.Deploy.0 = Debug|Any CPU
		{396C9160-CD81-420D-8FA9-B6AD7B1DD4DE}.Debug|iPhone.ActiveCfg = Debug|Any CPU
		{396C9160-CD81-420D-8FA9-B6AD7B1DD4DE}.Debug|iPhone.Build.0 = Debug|Any CPU
		{396C9160-CD81-420D-8FA9-B6AD7B1DD4DE}.Debug|iPhone.Deploy.0 = Debug|Any CPU
		{396C9160-CD81-420D-8FA9-B6AD7B1DD4DE}.Debug|iPhoneSimulator.ActiveCfg = Debug|Any CPU
		{396C9160-CD81-420D-8FA9-B6AD7B1DD4DE}.Debug|iPhoneSimulator.Build.0 = Debug|Any CPU
		{396C9160-CD81-420D-8FA9-B6AD7B1DD4DE}.Debug|iPhoneSimulator.Deploy.0 = Debug|Any CPU
		{396C9160-CD81-420D-8FA9-B6AD7B1DD4DE}.Debug|x64.ActiveCfg = Debug|Any CPU
		{396C9160-CD81-420D-8FA9-B6AD7B1DD4DE}.Debug|x64.Build.0 = Debug|Any CPU
		{396C9160-CD81-420D-8FA9-B6AD7B1DD4DE}.Debug|x64.Deploy.0 = Debug|Any CPU
		{396C9160-CD81-420D-8FA9-B6AD7B1DD4DE}.Debug|x86.ActiveCfg = Debug|Any CPU
		{396C9160-CD81-420D-8FA9-B6AD7B1DD4DE}.Debug|x86.Build.0 = Debug|Any CPU
		{396C9160-CD81-420D-8FA9-B6AD7B1DD4DE}.Debug|x86.Deploy.0 = Debug|Any CPU
		{396C9160-CD81-420D-8FA9-B6AD7B1DD4DE}.Release|Any CPU.ActiveCfg = Release|Any CPU
		{396C9160-CD81-420D-8FA9-B6AD7B1DD4DE}.Release|Any CPU.Build.0 = Release|Any CPU
		{396C9160-CD81-420D-8FA9-B6AD7B1DD4DE}.Release|Any CPU.Deploy.0 = Release|Any CPU
		{396C9160-CD81-420D-8FA9-B6AD7B1DD4DE}.Release|ARM.ActiveCfg = Release|Any CPU
		{396C9160-CD81-420D-8FA9-B6AD7B1DD4DE}.Release|ARM.Build.0 = Release|Any CPU
		{396C9160-CD81-420D-8FA9-B6AD7B1DD4DE}.Release|ARM.Deploy.0 = Release|Any CPU
		{396C9160-CD81-420D-8FA9-B6AD7B1DD4DE}.Release|iPhone.ActiveCfg = Release|Any CPU
		{396C9160-CD81-420D-8FA9-B6AD7B1DD4DE}.Release|iPhone.Build.0 = Release|Any CPU
		{396C9160-CD81-420D-8FA9-B6AD7B1DD4DE}.Release|iPhone.Deploy.0 = Release|Any CPU
		{396C9160-CD81-420D-8FA9-B6AD7B1DD4DE}.Release|iPhoneSimulator.ActiveCfg = Release|Any CPU
		{396C9160-CD81-420D-8FA9-B6AD7B1DD4DE}.Release|iPhoneSimulator.Build.0 = Release|Any CPU
		{396C9160-CD81-420D-8FA9-B6AD7B1DD4DE}.Release|iPhoneSimulator.Deploy.0 = Release|Any CPU
		{396C9160-CD81-420D-8FA9-B6AD7B1DD4DE}.Release|x64.ActiveCfg = Release|Any CPU
		{396C9160-CD81-420D-8FA9-B6AD7B1DD4DE}.Release|x64.Build.0 = Release|Any CPU
		{396C9160-CD81-420D-8FA9-B6AD7B1DD4DE}.Release|x64.Deploy.0 = Release|Any CPU
		{396C9160-CD81-420D-8FA9-B6AD7B1DD4DE}.Release|x86.ActiveCfg = Release|Any CPU
		{396C9160-CD81-420D-8FA9-B6AD7B1DD4DE}.Release|x86.Build.0 = Release|Any CPU
		{396C9160-CD81-420D-8FA9-B6AD7B1DD4DE}.Release|x86.Deploy.0 = Release|Any CPU
	EndGlobalSection
	GlobalSection(SolutionProperties) = preSolution
		HideSolutionNode = FALSE
	EndGlobalSection
	GlobalSection(ExtensibilityGlobals) = postSolution
		SolutionGuid = {3E54855B-A44B-450E-A205-E508E8410D40}
	EndGlobalSection
EndGlobal
